
Microsoft Visual Studio Solution File, Format Version 12.00
# Visual Studio Version 16
VisualStudioVersion = 16.0.30309.148
MinimumVisualStudioVersion = 10.0.40219.1
Project("{2150E333-8FDC-42A3-9474-1A3956D46DE8}") = "TinkoffApi.Core", "TinkoffApi.Core", "{1D07B015-5867-45B3-A389-B205FA5BDC0A}"
EndProject
Project("{9A19103F-16F7-4668-BE54-9A1E7A4F7556}") = "TinkoffApi", "TinkoffApi.Core\TinkoffApi\TinkoffApi.csproj", "{D376C4D2-A5B0-447B-8996-0E781D376BBF}"
EndProject
Project("{9A19103F-16F7-4668-BE54-9A1E7A4F7556}") = "TinkoffApi.BL", "TinkoffApi.Core\TinkoffApi.BL\TinkoffApi.BL.csproj", "{B314D545-D6FD-44DA-8721-DE662D81569A}"
EndProject
Project("{9A19103F-16F7-4668-BE54-9A1E7A4F7556}") = "TinkoffApi.DAL", "TinkoffApi.Core\TinkoffApi.DAL\TinkoffApi.DAL.csproj", "{3F5DFABE-6E28-45B5-B1E4-6D59F90122FF}"
EndProject
Project("{9A19103F-16F7-4668-BE54-9A1E7A4F7556}") = "TinkoffApi.Data", "TinkoffApi.Core\TinkoffApi.Data\TinkoffApi.Data.csproj", "{E4ED3C96-BB40-499E-BC79-492F495D5B15}"
EndProject
Project("{9A19103F-16F7-4668-BE54-9A1E7A4F7556}") = "TinkoffApi.Client", "TinkoffApi.Core\TinkoffApi.Client\TinkoffApi.Client.csproj", "{89B71CBD-D537-4921-83CC-A2F7A6A7B031}"
EndProject
Project("{9A19103F-16F7-4668-BE54-9A1E7A4F7556}") = "TinkoffApi.Modeling", "TinkoffApi.Core\TinkoffApi.Modeling\TinkoffApi.Modeling.csproj", "{E6F7306A-EC06-402E-990E-189E72E7264E}"
EndProject
Global
	GlobalSection(SolutionConfigurationPlatforms) = preSolution
		Debug|Any CPU = Debug|Any CPU
		Debug|x64 = Debug|x64
		Debug|x86 = Debug|x86
		Release|Any CPU = Release|Any CPU
		Release|x64 = Release|x64
		Release|x86 = Release|x86
	EndGlobalSection
	GlobalSection(ProjectConfigurationPlatforms) = postSolution
		{D376C4D2-A5B0-447B-8996-0E781D376BBF}.Debug|Any CPU.ActiveCfg = Debug|Any CPU
		{D376C4D2-A5B0-447B-8996-0E781D376BBF}.Debug|Any CPU.Build.0 = Debug|Any CPU
		{D376C4D2-A5B0-447B-8996-0E781D376BBF}.Debug|x64.ActiveCfg = Debug|Any CPU
		{D376C4D2-A5B0-447B-8996-0E781D376BBF}.Debug|x64.Build.0 = Debug|Any CPU
		{D376C4D2-A5B0-447B-8996-0E781D376BBF}.Debug|x86.ActiveCfg = Debug|Any CPU
		{D376C4D2-A5B0-447B-8996-0E781D376BBF}.Debug|x86.Build.0 = Debug|Any CPU
		{D376C4D2-A5B0-447B-8996-0E781D376BBF}.Release|Any CPU.ActiveCfg = Release|Any CPU
		{D376C4D2-A5B0-447B-8996-0E781D376BBF}.Release|Any CPU.Build.0 = Release|Any CPU
		{D376C4D2-A5B0-447B-8996-0E781D376BBF}.Release|x64.ActiveCfg = Release|Any CPU
		{D376C4D2-A5B0-447B-8996-0E781D376BBF}.Release|x64.Build.0 = Release|Any CPU
		{D376C4D2-A5B0-447B-8996-0E781D376BBF}.Release|x86.ActiveCfg = Release|Any CPU
		{D376C4D2-A5B0-447B-8996-0E781D376BBF}.Release|x86.Build.0 = Release|Any CPU
		{B314D545-D6FD-44DA-8721-DE662D81569A}.Debug|Any CPU.ActiveCfg = Debug|Any CPU
		{B314D545-D6FD-44DA-8721-DE662D81569A}.Debug|Any CPU.Build.0 = Debug|Any CPU
		{B314D545-D6FD-44DA-8721-DE662D81569A}.Debug|x64.ActiveCfg = Debug|Any CPU
		{B314D545-D6FD-44DA-8721-DE662D81569A}.Debug|x64.Build.0 = Debug|Any CPU
		{B314D545-D6FD-44DA-8721-DE662D81569A}.Debug|x86.ActiveCfg = Debug|Any CPU
		{B314D545-D6FD-44DA-8721-DE662D81569A}.Debug|x86.Build.0 = Debug|Any CPU
		{B314D545-D6FD-44DA-8721-DE662D81569A}.Release|Any CPU.ActiveCfg = Release|Any CPU
		{B314D545-D6FD-44DA-8721-DE662D81569A}.Release|Any CPU.Build.0 = Release|Any CPU
		{B314D545-D6FD-44DA-8721-DE662D81569A}.Release|x64.ActiveCfg = Release|Any CPU
		{B314D545-D6FD-44DA-8721-DE662D81569A}.Release|x64.Build.0 = Release|Any CPU
		{B314D545-D6FD-44DA-8721-DE662D81569A}.Release|x86.ActiveCfg = Release|Any CPU
		{B314D545-D6FD-44DA-8721-DE662D81569A}.Release|x86.Build.0 = Release|Any CPU
		{3F5DFABE-6E28-45B5-B1E4-6D59F90122FF}.Debug|Any CPU.ActiveCfg = Debug|Any CPU
		{3F5DFABE-6E28-45B5-B1E4-6D59F90122FF}.Debug|Any CPU.Build.0 = Debug|Any CPU
		{3F5DFABE-6E28-45B5-B1E4-6D59F90122FF}.Debug|x64.ActiveCfg = Debug|Any CPU
		{3F5DFABE-6E28-45B5-B1E4-6D59F90122FF}.Debug|x64.Build.0 = Debug|Any CPU
		{3F5DFABE-6E28-45B5-B1E4-6D59F90122FF}.Debug|x86.ActiveCfg = Debug|Any CPU
		{3F5DFABE-6E28-45B5-B1E4-6D59F90122FF}.Debug|x86.Build.0 = Debug|Any CPU
		{3F5DFABE-6E28-45B5-B1E4-6D59F90122FF}.Release|Any CPU.ActiveCfg = Release|Any CPU
		{3F5DFABE-6E28-45B5-B1E4-6D59F90122FF}.Release|Any CPU.Build.0 = Release|Any CPU
		{3F5DFABE-6E28-45B5-B1E4-6D59F90122FF}.Release|x64.ActiveCfg = Release|Any CPU
		{3F5DFABE-6E28-45B5-B1E4-6D59F90122FF}.Release|x64.Build.0 = Release|Any CPU
		{3F5DFABE-6E28-45B5-B1E4-6D59F90122FF}.Release|x86.ActiveCfg = Release|Any CPU
		{3F5DFABE-6E28-45B5-B1E4-6D59F90122FF}.Release|x86.Build.0 = Release|Any CPU
		{E4ED3C96-BB40-499E-BC79-492F495D5B15}.Debug|Any CPU.ActiveCfg = Debug|Any CPU
		{E4ED3C96-BB40-499E-BC79-492F495D5B15}.Debug|Any CPU.Build.0 = Debug|Any CPU
		{E4ED3C96-BB40-499E-BC79-492F495D5B15}.Debug|x64.ActiveCfg = Debug|Any CPU
		{E4ED3C96-BB40-499E-BC79-492F495D5B15}.Debug|x64.Build.0 = Debug|Any CPU
		{E4ED3C96-BB40-499E-BC79-492F495D5B15}.Debug|x86.ActiveCfg = Debug|Any CPU
		{E4ED3C96-BB40-499E-BC79-492F495D5B15}.Debug|x86.Build.0 = Debug|Any CPU
		{E4ED3C96-BB40-499E-BC79-492F495D5B15}.Release|Any CPU.ActiveCfg = Release|Any CPU
		{E4ED3C96-BB40-499E-BC79-492F495D5B15}.Release|Any CPU.Build.0 = Release|Any CPU
		{E4ED3C96-BB40-499E-BC79-492F495D5B15}.Release|x64.ActiveCfg = Release|Any CPU
		{E4ED3C96-BB40-499E-BC79-492F495D5B15}.Release|x64.Build.0 = Release|Any CPU
		{E4ED3C96-BB40-499E-BC79-492F495D5B15}.Release|x86.ActiveCfg = Release|Any CPU
		{E4ED3C96-BB40-499E-BC79-492F495D5B15}.Release|x86.Build.0 = Release|Any CPU
		{89B71CBD-D537-4921-83CC-A2F7A6A7B031}.Debug|Any CPU.ActiveCfg = Debug|Any CPU
		{89B71CBD-D537-4921-83CC-A2F7A6A7B031}.Debug|Any CPU.Build.0 = Debug|Any CPU
		{89B71CBD-D537-4921-83CC-A2F7A6A7B031}.Debug|x64.ActiveCfg = Debug|Any CPU
		{89B71CBD-D537-4921-83CC-A2F7A6A7B031}.Debug|x64.Build.0 = Debug|Any CPU
		{89B71CBD-D537-4921-83CC-A2F7A6A7B031}.Debug|x86.ActiveCfg = Debug|Any CPU
		{89B71CBD-D537-4921-83CC-A2F7A6A7B031}.Debug|x86.Build.0 = Debug|Any CPU
		{89B71CBD-D537-4921-83CC-A2F7A6A7B031}.Release|Any CPU.ActiveCfg = Release|Any CPU
		{89B71CBD-D537-4921-83CC-A2F7A6A7B031}.Release|Any CPU.Build.0 = Release|Any CPU
		{89B71CBD-D537-4921-83CC-A2F7A6A7B031}.Release|x64.ActiveCfg = Release|Any CPU
		{89B71CBD-D537-4921-83CC-A2F7A6A7B031}.Release|x64.Build.0 = Release|Any CPU
		{89B71CBD-D537-4921-83CC-A2F7A6A7B031}.Release|x86.ActiveCfg = Release|Any CPU
		{89B71CBD-D537-4921-83CC-A2F7A6A7B031}.Release|x86.Build.0 = Release|Any CPU
		{E6F7306A-EC06-402E-990E-189E72E7264E}.Debug|Any CPU.ActiveCfg = Debug|Any CPU
		{E6F7306A-EC06-402E-990E-189E72E7264E}.Debug|Any CPU.Build.0 = Debug|Any CPU
		{E6F7306A-EC06-402E-990E-189E72E7264E}.Debug|x64.ActiveCfg = Debug|Any CPU
		{E6F7306A-EC06-402E-990E-189E72E7264E}.Debug|x64.Build.0 = Debug|Any CPU
		{E6F7306A-EC06-402E-990E-189E72E7264E}.Debug|x86.ActiveCfg = Debug|Any CPU
		{E6F7306A-EC06-402E-990E-189E72E7264E}.Debug|x86.Build.0 = Debug|Any CPU
		{E6F7306A-EC06-402E-990E-189E72E7264E}.Release|Any CPU.ActiveCfg = Release|Any CPU
		{E6F7306A-EC06-402E-990E-189E72E7264E}.Release|Any CPU.Build.0 = Release|Any CPU
		{E6F7306A-EC06-402E-990E-189E72E7264E}.Release|x64.ActiveCfg = Release|Any CPU
		{E6F7306A-EC06-402E-990E-189E72E7264E}.Release|x64.Build.0 = Release|Any CPU
		{E6F7306A-EC06-402E-990E-189E72E7264E}.Release|x86.ActiveCfg = Release|Any CPU
		{E6F7306A-EC06-402E-990E-189E72E7264E}.Release|x86.Build.0 = Release|Any CPU
	EndGlobalSection
	GlobalSection(SolutionProperties) = preSolution
		HideSolutionNode = FALSE
	EndGlobalSection
	GlobalSection(NestedProjects) = preSolution
		{D376C4D2-A5B0-447B-8996-0E781D376BBF} = {1D07B015-5867-45B3-A389-B205FA5BDC0A}
		{B314D545-D6FD-44DA-8721-DE662D81569A} = {1D07B015-5867-45B3-A389-B205FA5BDC0A}
		{3F5DFABE-6E28-45B5-B1E4-6D59F90122FF} = {1D07B015-5867-45B3-A389-B205FA5BDC0A}
		{E4ED3C96-BB40-499E-BC79-492F495D5B15} = {1D07B015-5867-45B3-A389-B205FA5BDC0A}
		{89B71CBD-D537-4921-83CC-A2F7A6A7B031} = {1D07B015-5867-45B3-A389-B205FA5BDC0A}
		{E6F7306A-EC06-402E-990E-189E72E7264E} = {1D07B015-5867-45B3-A389-B205FA5BDC0A}
	EndGlobalSection
	GlobalSection(ExtensibilityGlobals) = postSolution
		SolutionGuid = {9F63B1F8-C2BA-4758-A7DC-66ABD9891897}
	EndGlobalSection
EndGlobal
